// !$*UTF8*$!
{
	archiveVersion = 1;
	classes = {
	};
	objectVersion = 50;
	objects = {

/* Begin PBXBuildFile section */
		592D4A2E2355258C0068D0E3 /* DrawFox.cpp in Sources */ = {isa = PBXBuildFile; fileRef = 592D4A2D2355258C0068D0E3 /* DrawFox.cpp */; };
		592D4A30235539740068D0E3 /* DrawFoxTwo.cpp in Sources */ = {isa = PBXBuildFile; fileRef = 592D4A2F235539740068D0E3 /* DrawFoxTwo.cpp */; };
		592D4A3223579D910068D0E3 /* DrawRabbit.cpp in Sources */ = {isa = PBXBuildFile; fileRef = 592D4A3123579D910068D0E3 /* DrawRabbit.cpp */; };
		59D128BF23538819000124FA /* main.cpp in Sources */ = {isa = PBXBuildFile; fileRef = 59D128BE23538819000124FA /* main.cpp */; };
		59D128C723538824000124FA /* OpenGL.framework in Frameworks */ = {isa = PBXBuildFile; fileRef = 59D128C623538824000124FA /* OpenGL.framework */; };
		59D128C923538829000124FA /* GLUT.framework in Frameworks */ = {isa = PBXBuildFile; fileRef = 59D128C823538829000124FA /* GLUT.framework */; };
		59D128CE23538DBD000124FA /* DesenhaObjects.cpp in Sources */ = {isa = PBXBuildFile; fileRef = 59D128CD23538DBD000124FA /* DesenhaObjects.cpp */; };
		59D128D02353DAD3000124FA /* DrawTruck.cpp in Sources */ = {isa = PBXBuildFile; fileRef = 59D128CF2353DAD3000124FA /* DrawTruck.cpp */; };
		59D128D22353DB52000124FA /* DrawForest.cpp in Sources */ = {isa = PBXBuildFile; fileRef = 59D128D12353DB52000124FA /* DrawForest.cpp */; };
		59D128D42353DBA3000124FA /* DrawTrunk.cpp in Sources */ = {isa = PBXBuildFile; fileRef = 59D128D32353DBA3000124FA /* DrawTrunk.cpp */; };
		59D128D62353DBD8000124FA /* DrawGuia.cpp in Sources */ = {isa = PBXBuildFile; fileRef = 59D128D52353DBD8000124FA /* DrawGuia.cpp */; };
		59D128D82353DBF9000124FA /* DrawFaixa.cpp in Sources */ = {isa = PBXBuildFile; fileRef = 59D128D72353DBF9000124FA /* DrawFaixa.cpp */; };
		59D128DA2353DC0D000124FA /* DrawCalcada.cpp in Sources */ = {isa = PBXBuildFile; fileRef = 59D128D92353DC0D000124FA /* DrawCalcada.cpp */; };
		59D128DC2353DC50000124FA /* DrawFixedRabbit.cpp in Sources */ = {isa = PBXBuildFile; fileRef = 59D128DB2353DC50000124FA /* DrawFixedRabbit.cpp */; };
		59D128DF2353ED83000124FA /* DrawCarRed.cpp in Sources */ = {isa = PBXBuildFile; fileRef = 59D128DE2353ED83000124FA /* DrawCarRed.cpp */; };
		59D128E12353F250000124FA /* DrawTruckYellow.cpp in Sources */ = {isa = PBXBuildFile; fileRef = 59D128E02353F250000124FA /* DrawTruckYellow.cpp */; };
		59D128E32353FDD5000124FA /* DrawCarGrey.cpp in Sources */ = {isa = PBXBuildFile; fileRef = 59D128E22353FDD5000124FA /* DrawCarGrey.cpp */; };
/* End PBXBuildFile section */

/* Begin PBXCopyFilesBuildPhase section */
		59D128B923538819000124FA /* CopyFiles */ = {
			isa = PBXCopyFilesBuildPhase;
			buildActionMask = 2147483647;
			dstPath = /usr/share/man/man1/;
			dstSubfolderSpec = 0;
			files = (
			);
			runOnlyForDeploymentPostprocessing = 1;
		};
/* End PBXCopyFilesBuildPhase section */

/* Begin PBXFileReference section */
		592D4A2D2355258C0068D0E3 /* DrawFox.cpp */ = {isa = PBXFileReference; lastKnownFileType = sourcecode.cpp.cpp; path = DrawFox.cpp; sourceTree = "<group>"; };
		592D4A2F235539740068D0E3 /* DrawFoxTwo.cpp */ = {isa = PBXFileReference; lastKnownFileType = sourcecode.cpp.cpp; path = DrawFoxTwo.cpp; sourceTree = "<group>"; };
		592D4A3123579D910068D0E3 /* DrawRabbit.cpp */ = {isa = PBXFileReference; lastKnownFileType = sourcecode.cpp.cpp; path = DrawRabbit.cpp; sourceTree = "<group>"; };
		59D128BB23538819000124FA /* rabbitsLife */ = {isa = PBXFileReference; explicitFileType = "compiled.mach-o.executable"; includeInIndex = 0; path = rabbitsLife; sourceTree = BUILT_PRODUCTS_DIR; };
		59D128BE23538819000124FA /* main.cpp */ = {isa = PBXFileReference; lastKnownFileType = sourcecode.cpp.cpp; path = main.cpp; sourceTree = "<group>"; };
		59D128C623538824000124FA /* OpenGL.framework */ = {isa = PBXFileReference; lastKnownFileType = wrapper.framework; name = OpenGL.framework; path = System/Library/Frameworks/OpenGL.framework; sourceTree = SDKROOT; };
		59D128C823538829000124FA /* GLUT.framework */ = {isa = PBXFileReference; lastKnownFileType = wrapper.framework; name = GLUT.framework; path = System/Library/Frameworks/GLUT.framework; sourceTree = SDKROOT; };
		59D128CD23538DBD000124FA /* DesenhaObjects.cpp */ = {isa = PBXFileReference; lastKnownFileType = sourcecode.cpp.cpp; path = DesenhaObjects.cpp; sourceTree = "<group>"; };
		59D128CF2353DAD3000124FA /* DrawTruck.cpp */ = {isa = PBXFileReference; lastKnownFileType = sourcecode.cpp.cpp; path = DrawTruck.cpp; sourceTree = "<group>"; };
		59D128D12353DB52000124FA /* DrawForest.cpp */ = {isa = PBXFileReference; lastKnownFileType = sourcecode.cpp.cpp; path = DrawForest.cpp; sourceTree = "<group>"; };
		59D128D32353DBA3000124FA /* DrawTrunk.cpp */ = {isa = PBXFileReference; lastKnownFileType = sourcecode.cpp.cpp; path = DrawTrunk.cpp; sourceTree = "<group>"; };
		59D128D52353DBD8000124FA /* DrawGuia.cpp */ = {isa = PBXFileReference; lastKnownFileType = sourcecode.cpp.cpp; path = DrawGuia.cpp; sourceTree = "<group>"; };
		59D128D72353DBF9000124FA /* DrawFaixa.cpp */ = {isa = PBXFileReference; lastKnownFileType = sourcecode.cpp.cpp; path = DrawFaixa.cpp; sourceTree = "<group>"; };
		59D128D92353DC0D000124FA /* DrawCalcada.cpp */ = {isa = PBXFileReference; lastKnownFileType = sourcecode.cpp.cpp; path = DrawCalcada.cpp; sourceTree = "<group>"; };
		59D128DB2353DC50000124FA /* DrawFixedRabbit.cpp */ = {isa = PBXFileReference; lastKnownFileType = sourcecode.cpp.cpp; path = DrawFixedRabbit.cpp; sourceTree = "<group>"; };
		59D128DE2353ED83000124FA /* DrawCarRed.cpp */ = {isa = PBXFileReference; lastKnownFileType = sourcecode.cpp.cpp; path = DrawCarRed.cpp; sourceTree = "<group>"; };
		59D128E02353F250000124FA /* DrawTruckYellow.cpp */ = {isa = PBXFileReference; lastKnownFileType = sourcecode.cpp.cpp; path = DrawTruckYellow.cpp; sourceTree = "<group>"; };
		59D128E22353FDD5000124FA /* DrawCarGrey.cpp */ = {isa = PBXFileReference; lastKnownFileType = sourcecode.cpp.cpp; path = DrawCarGrey.cpp; sourceTree = "<group>"; };
/* End PBXFileReference section */

/* Begin PBXFrameworksBuildPhase section */
		59D128B823538819000124FA /* Frameworks */ = {
			isa = PBXFrameworksBuildPhase;
			buildActionMask = 2147483647;
			files = (
				59D128C923538829000124FA /* GLUT.framework in Frameworks */,
				59D128C723538824000124FA /* OpenGL.framework in Frameworks */,
			);
			runOnlyForDeploymentPostprocessing = 0;
		};
/* End PBXFrameworksBuildPhase section */

/* Begin PBXGroup section */
		59D128B223538819000124FA = {
			isa = PBXGroup;
			children = (
				59D128BD23538819000124FA /* rabbitsLife */,
				59D128BC23538819000124FA /* Products */,
				59D128C523538824000124FA /* Frameworks */,
			);
			sourceTree = "<group>";
		};
		59D128BC23538819000124FA /* Products */ = {
			isa = PBXGroup;
			children = (
				59D128BB23538819000124FA /* rabbitsLife */,
			);
			name = Products;
			sourceTree = "<group>";
		};
		59D128BD23538819000124FA /* rabbitsLife */ = {
			isa = PBXGroup;
			children = (
				59D128BE23538819000124FA /* main.cpp */,
				59D128DD2353DD3E000124FA /* Draw */,
			);
			path = rabbitsLife;
			sourceTree = "<group>";
		};
		59D128C523538824000124FA /* Frameworks */ = {
			isa = PBXGroup;
			children = (
				59D128C823538829000124FA /* GLUT.framework */,
				59D128C623538824000124FA /* OpenGL.framework */,
			);
			name = Frameworks;
			sourceTree = "<group>";
		};
		59D128DD2353DD3E000124FA /* Draw */ = {
			isa = PBXGroup;
			children = (
				59D128CD23538DBD000124FA /* DesenhaObjects.cpp */,
				59D128D12353DB52000124FA /* DrawForest.cpp */,
				59D128D32353DBA3000124FA /* DrawTrunk.cpp */,
				59D128CF2353DAD3000124FA /* DrawTruck.cpp */,
				59D128E02353F250000124FA /* DrawTruckYellow.cpp */,
				59D128D52353DBD8000124FA /* DrawGuia.cpp */,
				59D128D72353DBF9000124FA /* DrawFaixa.cpp */,
				59D128D92353DC0D000124FA /* DrawCalcada.cpp */,
				592D4A3123579D910068D0E3 /* DrawRabbit.cpp */,
				59D128DB2353DC50000124FA /* DrawFixedRabbit.cpp */,
				59D128DE2353ED83000124FA /* DrawCarRed.cpp */,
				59D128E22353FDD5000124FA /* DrawCarGrey.cpp */,
				592D4A2D2355258C0068D0E3 /* DrawFox.cpp */,
				592D4A2F235539740068D0E3 /* DrawFoxTwo.cpp */,
			);
			path = Draw;
			sourceTree = "<group>";
		};
/* End PBXGroup section */

/* Begin PBXNativeTarget section */
		59D128BA23538819000124FA /* rabbitsLife */ = {
			isa = PBXNativeTarget;
			buildConfigurationList = 59D128C223538819000124FA /* Build configuration list for PBXNativeTarget "rabbitsLife" */;
			buildPhases = (
				59D128B723538819000124FA /* Sources */,
				59D128B823538819000124FA /* Frameworks */,
				59D128B923538819000124FA /* CopyFiles */,
			);
			buildRules = (
			);
			dependencies = (
			);
			name = rabbitsLife;
			productName = rabbitsLife;
			productReference = 59D128BB23538819000124FA /* rabbitsLife */;
			productType = "com.apple.product-type.tool";
		};
/* End PBXNativeTarget section */

/* Begin PBXProject section */
		59D128B323538819000124FA /* Project object */ = {
			isa = PBXProject;
			attributes = {
				LastUpgradeCheck = 1100;
				ORGANIZATIONNAME = vitor.neves;
				TargetAttributes = {
					59D128BA23538819000124FA = {
						CreatedOnToolsVersion = 11.0;
					};
				};
			};
			buildConfigurationList = 59D128B623538819000124FA /* Build configuration list for PBXProject "rabbitsLife" */;
			compatibilityVersion = "Xcode 9.3";
			developmentRegion = en;
			hasScannedForEncodings = 0;
			knownRegions = (
				en,
				Base,
			);
			mainGroup = 59D128B223538819000124FA;
			productRefGroup = 59D128BC23538819000124FA /* Products */;
			projectDirPath = "";
			projectRoot = "";
			targets = (
				59D128BA23538819000124FA /* rabbitsLife */,
			);
		};
/* End PBXProject section */

/* Begin PBXSourcesBuildPhase section */
		59D128B723538819000124FA /* Sources */ = {
			isa = PBXSourcesBuildPhase;
			buildActionMask = 2147483647;
			files = (
				59D128D42353DBA3000124FA /* DrawTrunk.cpp in Sources */,
				592D4A2E2355258C0068D0E3 /* DrawFox.cpp in Sources */,
				59D128D82353DBF9000124FA /* DrawFaixa.cpp in Sources */,
				59D128DF2353ED83000124FA /* DrawCarRed.cpp in Sources */,
				59D128E32353FDD5000124FA /* DrawCarGrey.cpp in Sources */,
				59D128D62353DBD8000124FA /* DrawGuia.cpp in Sources */,
				59D128D22353DB52000124FA /* DrawForest.cpp in Sources */,
				59D128D02353DAD3000124FA /* DrawTruck.cpp in Sources */,
				592D4A30235539740068D0E3 /* DrawFoxTwo.cpp in Sources */,
				59D128BF23538819000124FA /* main.cpp in Sources */,
				59D128DC2353DC50000124FA /* DrawFixedRabbit.cpp in Sources */,
				59D128CE23538DBD000124FA /* DesenhaObjects.cpp in Sources */,
				592D4A3223579D910068D0E3 /* DrawRabbit.cpp in Sources */,
				59D128E12353F250000124FA /* DrawTruckYellow.cpp in Sources */,
				59D128DA2353DC0D000124FA /* DrawCalcada.cpp in Sources */,
			);
			runOnlyForDeploymentPostprocessing = 0;
		};
/* End PBXSourcesBuildPhase section */

/* Begin XCBuildConfiguration section */
		59D128C023538819000124FA /* Debug */ = {
			isa = XCBuildConfiguration;
			buildSettings = {
				ALWAYS_SEARCH_USER_PATHS = NO;
				CLANG_ANALYZER_NONNULL = YES;
				CLANG_ANALYZER_NUMBER_OBJECT_CONVERSION = YES_AGGRESSIVE;
				CLANG_CXX_LANGUAGE_STANDARD = "gnu++14";
				CLANG_CXX_LIBRARY = "libc++";
				CLANG_ENABLE_MODULES = YES;
				CLANG_ENABLE_OBJC_ARC = YES;
				CLANG_ENABLE_OBJC_WEAK = YES;
				CLANG_WARN_BLOCK_CAPTURE_AUTORELEASING = YES;
				CLANG_WARN_BOOL_CONVERSION = YES;
				CLANG_WARN_COMMA = YES;
				CLANG_WARN_CONSTANT_CONVERSION = YES;
				CLANG_WARN_DEPRECATED_OBJC_IMPLEMENTATIONS = YES;
				CLANG_WARN_DIRECT_OBJC_ISA_USAGE = YES_ERROR;
				CLANG_WARN_DOCUMENTATION_COMMENTS = YES;
				CLANG_WARN_EMPTY_BODY = YES;
				CLANG_WARN_ENUM_CONVERSION = YES;
				CLANG_WARN_INFINITE_RECURSION = YES;
				CLANG_WARN_INT_CONVERSION = YES;
				CLANG_WARN_NON_LITERAL_NULL_CONVERSION = YES;
				CLANG_WARN_OBJC_IMPLICIT_RETAIN_SELF = YES;
				CLANG_WARN_OBJC_LITERAL_CONVERSION = YES;
				CLANG_WARN_OBJC_ROOT_CLASS = YES_ERROR;
				CLANG_WARN_RANGE_LOOP_ANALYSIS = YES;
				CLANG_WARN_STRICT_PROTOTYPES = YES;
				CLANG_WARN_SUSPICIOUS_MOVE = YES;
				CLANG_WARN_UNGUARDED_AVAILABILITY = YES_AGGRESSIVE;
				CLANG_WARN_UNREACHABLE_CODE = YES;
				CLANG_WARN__DUPLICATE_METHOD_MATCH = YES;
				COPY_PHASE_STRIP = NO;
				DEBUG_INFORMATION_FORMAT = dwarf;
				ENABLE_STRICT_OBJC_MSGSEND = YES;
				ENABLE_TESTABILITY = YES;
				GCC_C_LANGUAGE_STANDARD = gnu11;
				GCC_DYNAMIC_NO_PIC = NO;
				GCC_NO_COMMON_BLOCKS = YES;
				GCC_OPTIMIZATION_LEVEL = 0;
				GCC_PREPROCESSOR_DEFINITIONS = (
					"DEBUG=1",
					"$(inherited)",
				);
				GCC_WARN_64_TO_32_BIT_CONVERSION = YES;
				GCC_WARN_ABOUT_RETURN_TYPE = YES_ERROR;
				GCC_WARN_UNDECLARED_SELECTOR = YES;
				GCC_WARN_UNINITIALIZED_AUTOS = YES_AGGRESSIVE;
				GCC_WARN_UNUSED_FUNCTION = YES;
				GCC_WARN_UNUSED_VARIABLE = YES;
				MACOSX_DEPLOYMENT_TARGET = 10.14;
				MTL_ENABLE_DEBUG_INFO = INCLUDE_SOURCE;
				MTL_FAST_MATH = YES;
				ONLY_ACTIVE_ARCH = YES;
				SDKROOT = macosx;
			};
			name = Debug;
		};
		59D128C123538819000124FA /* Release */ = {
			isa = XCBuildConfiguration;
			buildSettings = {
				ALWAYS_SEARCH_USER_PATHS = NO;
				CLANG_ANALYZER_NONNULL = YES;
				CLANG_ANALYZER_NUMBER_OBJECT_CONVERSION = YES_AGGRESSIVE;
				CLANG_CXX_LANGUAGE_STANDARD = "gnu++14";
				CLANG_CXX_LIBRARY = "libc++";
				CLANG_ENABLE_MODULES = YES;
				CLANG_ENABLE_OBJC_ARC = YES;
				CLANG_ENABLE_OBJC_WEAK = YES;
				CLANG_WARN_BLOCK_CAPTURE_AUTORELEASING = YES;
				CLANG_WARN_BOOL_CONVERSION = YES;
				CLANG_WARN_COMMA = YES;
				CLANG_WARN_CONSTANT_CONVERSION = YES;
				CLANG_WARN_DEPRECATED_OBJC_IMPLEMENTATIONS = YES;
				CLANG_WARN_DIRECT_OBJC_ISA_USAGE = YES_ERROR;
				CLANG_WARN_DOCUMENTATION_COMMENTS = YES;
				CLANG_WARN_EMPTY_BODY = YES;
				CLANG_WARN_ENUM_CONVERSION = YES;
				CLANG_WARN_INFINITE_RECURSION = YES;
				CLANG_WARN_INT_CONVERSION = YES;
				CLANG_WARN_NON_LITERAL_NULL_CONVERSION = YES;
				CLANG_WARN_OBJC_IMPLICIT_RETAIN_SELF = YES;
				CLANG_WARN_OBJC_LITERAL_CONVERSION = YES;
				CLANG_WARN_OBJC_ROOT_CLASS = YES_ERROR;
				CLANG_WARN_RANGE_LOOP_ANALYSIS = YES;
				CLANG_WARN_STRICT_PROTOTYPES = YES;
				CLANG_WARN_SUSPICIOUS_MOVE = YES;
				CLANG_WARN_UNGUARDED_AVAILABILITY = YES_AGGRESSIVE;
				CLANG_WARN_UNREACHABLE_CODE = YES;
				CLANG_WARN__DUPLICATE_METHOD_MATCH = YES;
				COPY_PHASE_STRIP = NO;
				DEBUG_INFORMATION_FORMAT = "dwarf-with-dsym";
				ENABLE_NS_ASSERTIONS = NO;
				ENABLE_STRICT_OBJC_MSGSEND = YES;
				GCC_C_LANGUAGE_STANDARD = gnu11;
				GCC_NO_COMMON_BLOCKS = YES;
				GCC_WARN_64_TO_32_BIT_CONVERSION = YES;
				GCC_WARN_ABOUT_RETURN_TYPE = YES_ERROR;
				GCC_WARN_UNDECLARED_SELECTOR = YES;
				GCC_WARN_UNINITIALIZED_AUTOS = YES_AGGRESSIVE;
				GCC_WARN_UNUSED_FUNCTION = YES;
				GCC_WARN_UNUSED_VARIABLE = YES;
				MACOSX_DEPLOYMENT_TARGET = 10.14;
				MTL_ENABLE_DEBUG_INFO = NO;
				MTL_FAST_MATH = YES;
				SDKROOT = macosx;
			};
			name = Release;
		};
		59D128C323538819000124FA /* Debug */ = {
			isa = XCBuildConfiguration;
			buildSettings = {
				CODE_SIGN_STYLE = Automatic;
				PRODUCT_NAME = "$(TARGET_NAME)";
			};
			name = Debug;
		};
		59D128C423538819000124FA /* Release */ = {
			isa = XCBuildConfiguration;
			buildSettings = {
				CODE_SIGN_STYLE = Automatic;
				PRODUCT_NAME = "$(TARGET_NAME)";
			};
			name = Release;
		};
/* End XCBuildConfiguration section */

/* Begin XCConfigurationList section */
		59D128B623538819000124FA /* Build configuration list for PBXProject "rabbitsLife" */ = {
			isa = XCConfigurationList;
			buildConfigurations = (
				59D128C023538819000124FA /* Debug */,
				59D128C123538819000124FA /* Release */,
			);
			defaultConfigurationIsVisible = 0;
			defaultConfigurationName = Release;
		};
		59D128C223538819000124FA /* Build configuration list for PBXNativeTarget "rabbitsLife" */ = {
			isa = XCConfigurationList;
			buildConfigurations = (
				59D128C323538819000124FA /* Debug */,
				59D128C423538819000124FA /* Release */,
			);
			defaultConfigurationIsVisible = 0;
			defaultConfigurationName = Release;
		};
/* End XCConfigurationList section */
	};
	rootObject = 59D128B323538819000124FA /* Project object */;
}
